// !$*UTF8*$!
{
	archiveVersion = 1;
	classes = {
	};
	objectVersion = 46;
	objects = {

/* Begin PBXBuildFile section */
		47E05B061A8664C900268EDB /* main.m in Sources */ = {isa = PBXBuildFile; fileRef = 47E05B051A8664C900268EDB /* main.m */; };
		47E05B091A8664C900268EDB /* AppDelegate.m in Sources */ = {isa = PBXBuildFile; fileRef = 47E05B081A8664C900268EDB /* AppDelegate.m */; };
		47E05B0C1A8664C900268EDB /* FirstViewController.m in Sources */ = {isa = PBXBuildFile; fileRef = 47E05B0B1A8664C900268EDB /* FirstViewController.m */; };
		47E05B0F1A8664C900268EDB /* SecondViewController.m in Sources */ = {isa = PBXBuildFile; fileRef = 47E05B0E1A8664C900268EDB /* SecondViewController.m */; };
		47E05B121A8664C900268EDB /* Main.storyboard in Resources */ = {isa = PBXBuildFile; fileRef = 47E05B101A8664C900268EDB /* Main.storyboard */; };
		47E05B141A8664C900268EDB /* Images.xcassets in Resources */ = {isa = PBXBuildFile; fileRef = 47E05B131A8664C900268EDB /* Images.xcassets */; };
		47E05B171A8664C900268EDB /* LaunchScreen.xib in Resources */ = {isa = PBXBuildFile; fileRef = 47E05B151A8664C900268EDB /* LaunchScreen.xib */; };
		47E05B231A8664C900268EDB /* tab_applicationTests.m in Sources */ = {isa = PBXBuildFile; fileRef = 47E05B221A8664C900268EDB /* tab_applicationTests.m */; };
/* End PBXBuildFile section */

/* Begin PBXContainerItemProxy section */
		47E05B1D1A8664C900268EDB /* PBXContainerItemProxy */ = {
			isa = PBXContainerItemProxy;
			containerPortal = 47E05AF81A8664C900268EDB /* Project object */;
			proxyType = 1;
			remoteGlobalIDString = 47E05AFF1A8664C900268EDB;
			remoteInfo = "tab-application";
		};
/* End PBXContainerItemProxy section */

/* Begin PBXFileReference section */
		47E05B001A8664C900268EDB /* tab-application.app */ = {isa = PBXFileReference; explicitFileType = wrapper.application; includeInIndex = 0; path = "tab-application.app"; sourceTree = BUILT_PRODUCTS_DIR; };
		47E05B041A8664C900268EDB /* Info.plist */ = {isa = PBXFileReference; lastKnownFileType = text.plist.xml; path = Info.plist; sourceTree = "<group>"; };
		47E05B051A8664C900268EDB /* main.m */ = {isa = PBXFileReference; lastKnownFileType = sourcecode.c.objc; path = main.m; sourceTree = "<group>"; };
		47E05B071A8664C900268EDB /* AppDelegate.h */ = {isa = PBXFileReference; lastKnownFileType = sourcecode.c.h; path = AppDelegate.h; sourceTree = "<group>"; };
		47E05B081A8664C900268EDB /* AppDelegate.m */ = {isa = PBXFileReference; lastKnownFileType = sourcecode.c.objc; path = AppDelegate.m; sourceTree = "<group>"; };
		47E05B0A1A8664C900268EDB /* FirstViewController.h */ = {isa = PBXFileReference; lastKnownFileType = sourcecode.c.h; path = FirstViewController.h; sourceTree = "<group>"; };
		47E05B0B1A8664C900268EDB /* FirstViewController.m */ = {isa = PBXFileReference; lastKnownFileType = sourcecode.c.objc; path = FirstViewController.m; sourceTree = "<group>"; };
		47E05B0D1A8664C900268EDB /* SecondViewController.h */ = {isa = PBXFileReference; lastKnownFileType = sourcecode.c.h; path = SecondViewController.h; sourceTree = "<group>"; };
		47E05B0E1A8664C900268EDB /* SecondViewController.m */ = {isa = PBXFileReference; lastKnownFileType = sourcecode.c.objc; path = SecondViewController.m; sourceTree = "<group>"; };
		47E05B111A8664C900268EDB /* Base */ = {isa = PBXFileReference; lastKnownFileType = file.storyboard; name = Base; path = Base.lproj/Main.storyboard; sourceTree = "<group>"; };
		47E05B131A8664C900268EDB /* Images.xcassets */ = {isa = PBXFileReference; lastKnownFileType = folder.assetcatalog; path = Images.xcassets; sourceTree = "<group>"; };
		47E05B161A8664C900268EDB /* Base */ = {isa = PBXFileReference; lastKnownFileType = file.xib; name = Base; path = Base.lproj/LaunchScreen.xib; sourceTree = "<group>"; };
		47E05B1C1A8664C900268EDB /* tab-applicationTests.xctest */ = {isa = PBXFileReference; explicitFileType = wrapper.cfbundle; includeInIndex = 0; path = "tab-applicationTests.xctest"; sourceTree = BUILT_PRODUCTS_DIR; };
		47E05B211A8664C900268EDB /* Info.plist */ = {isa = PBXFileReference; lastKnownFileType = text.plist.xml; path = Info.plist; sourceTree = "<group>"; };
		47E05B221A8664C900268EDB /* tab_applicationTests.m */ = {isa = PBXFileReference; lastKnownFileType = sourcecode.c.objc; path = tab_applicationTests.m; sourceTree = "<group>"; };
/* End PBXFileReference section */

/* Begin PBXFrameworksBuildPhase section */
		47E05AFD1A8664C900268EDB /* Frameworks */ = {
			isa = PBXFrameworksBuildPhase;
			buildActionMask = 2147483647;
			files = (
			);
			runOnlyForDeploymentPostprocessing = 0;
		};
		47E05B191A8664C900268EDB /* Frameworks */ = {
			isa = PBXFrameworksBuildPhase;
			buildActionMask = 2147483647;
			files = (
			);
			runOnlyForDeploymentPostprocessing = 0;
		};
/* End PBXFrameworksBuildPhase section */

/* Begin PBXGroup section */
		47E05AF71A8664C900268EDB = {
			isa = PBXGroup;
			children = (
				47E05B021A8664C900268EDB /* tab-application */,
				47E05B1F1A8664C900268EDB /* tab-applicationTests */,
				47E05B011A8664C900268EDB /* Products */,
			);
			sourceTree = "<group>";
		};
		47E05B011A8664C900268EDB /* Products */ = {
			isa = PBXGroup;
			children = (
				47E05B001A8664C900268EDB /* tab-application.app */,
				47E05B1C1A8664C900268EDB /* tab-applicationTests.xctest */,
			);
			name = Products;
			sourceTree = "<group>";
		};
		47E05B021A8664C900268EDB /* tab-application */ = {
			isa = PBXGroup;
			children = (
				47E05B071A8664C900268EDB /* AppDelegate.h */,
				47E05B081A8664C900268EDB /* AppDelegate.m */,
				47E05B0A1A8664C900268EDB /* FirstViewController.h */,
				47E05B0B1A8664C900268EDB /* FirstViewController.m */,
				47E05B0D1A8664C900268EDB /* SecondViewController.h */,
				47E05B0E1A8664C900268EDB /* SecondViewController.m */,
				47E05B101A8664C900268EDB /* Main.storyboard */,
				47E05B131A8664C900268EDB /* Images.xcassets */,
				47E05B151A8664C900268EDB /* LaunchScreen.xib */,
				47E05B031A8664C900268EDB /* Supporting Files */,
			);
			path = "tab-application";
			sourceTree = "<group>";
		};
		47E05B031A8664C900268EDB /* Supporting Files */ = {
			isa = PBXGroup;
			children = (
				47E05B041A8664C900268EDB /* Info.plist */,
				47E05B051A8664C900268EDB /* main.m */,
			);
			name = "Supporting Files";
			sourceTree = "<group>";
		};
		47E05B1F1A8664C900268EDB /* tab-applicationTests */ = {
			isa = PBXGroup;
			children = (
				47E05B221A8664C900268EDB /* tab_applicationTests.m */,
				47E05B201A8664C900268EDB /* Supporting Files */,
			);
			path = "tab-applicationTests";
			sourceTree = "<group>";
		};
		47E05B201A8664C900268EDB /* Supporting Files */ = {
			isa = PBXGroup;
			children = (
				47E05B211A8664C900268EDB /* Info.plist */,
			);
			name = "Supporting Files";
			sourceTree = "<group>";
		};
/* End PBXGroup section */

/* Begin PBXNativeTarget section */
		47E05AFF1A8664C900268EDB /* tab-application */ = {
			isa = PBXNativeTarget;
			buildConfigurationList = 47E05B261A8664C900268EDB /* Build configuration list for PBXNativeTarget "tab-application" */;
			buildPhases = (
				47E05AFC1A8664C900268EDB /* Sources */,
				47E05AFD1A8664C900268EDB /* Frameworks */,
				47E05AFE1A8664C900268EDB /* Resources */,
			);
			buildRules = (
			);
			dependencies = (
			);
			name = "tab-application";
			productName = "tab-application";
			productReference = 47E05B001A8664C900268EDB /* tab-application.app */;
			productType = "com.apple.product-type.application";
		};
		47E05B1B1A8664C900268EDB /* tab-applicationTests */ = {
			isa = PBXNativeTarget;
			buildConfigurationList = 47E05B291A8664C900268EDB /* Build configuration list for PBXNativeTarget "tab-applicationTests" */;
			buildPhases = (
				47E05B181A8664C900268EDB /* Sources */,
				47E05B191A8664C900268EDB /* Frameworks */,
				47E05B1A1A8664C900268EDB /* Resources */,
			);
			buildRules = (
			);
			dependencies = (
				47E05B1E1A8664C900268EDB /* PBXTargetDependency */,
			);
			name = "tab-applicationTests";
			productName = "tab-applicationTests";
			productReference = 47E05B1C1A8664C900268EDB /* tab-applicationTests.xctest */;
			productType = "com.apple.product-type.bundle.unit-test";
		};
/* End PBXNativeTarget section */

/* Begin PBXProject section */
		47E05AF81A8664C900268EDB /* Project object */ = {
			isa = PBXProject;
			attributes = {
				LastUpgradeCheck = 0610;
				ORGANIZATIONNAME = tianling;
				TargetAttributes = {
					47E05AFF1A8664C900268EDB = {
						CreatedOnToolsVersion = 6.1.1;
					};
					47E05B1B1A8664C900268EDB = {
						CreatedOnToolsVersion = 6.1.1;
						TestTargetID = 47E05AFF1A8664C900268EDB;
					};
				};
			};
			buildConfigurationList = 47E05AFB1A8664C900268EDB /* Build configuration list for PBXProject "tab-application" */;
			compatibilityVersion = "Xcode 3.2";
			developmentRegion = English;
			hasScannedForEncodings = 0;
			knownRegions = (
				en,
				Base,
			);
			mainGroup = 47E05AF71A8664C900268EDB;
			productRefGroup = 47E05B011A8664C900268EDB /* Products */;
			projectDirPath = "";
			projectRoot = "";
			targets = (
				47E05AFF1A8664C900268EDB /* tab-application */,
				47E05B1B1A8664C900268EDB /* tab-applicationTests */,
			);
		};
/* End PBXProject section */

/* Begin PBXResourcesBuildPhase section */
		47E05AFE1A8664C900268EDB /* Resources */ = {
			isa = PBXResourcesBuildPhase;
			buildActionMask = 2147483647;
			files = (
				47E05B121A8664C900268EDB /* Main.storyboard in Resources */,
				47E05B171A8664C900268EDB /* LaunchScreen.xib in Resources */,
				47E05B141A8664C900268EDB /* Images.xcassets in Resources */,
			);
			runOnlyForDeploymentPostprocessing = 0;
		};
		47E05B1A1A8664C900268EDB /* Resources */ = {
			isa = PBXResourcesBuildPhase;
			buildActionMask = 2147483647;
			files = (
			);
			runOnlyForDeploymentPostprocessing = 0;
		};
/* End PBXResourcesBuildPhase section */

/* Begin PBXSourcesBuildPhase section */
		47E05AFC1A8664C900268EDB /* Sources */ = {
			isa = PBXSourcesBuildPhase;
			buildActionMask = 2147483647;
			files = (
				47E05B0F1A8664C900268EDB /* SecondViewController.m in Sources */,
				47E05B091A8664C900268EDB /* AppDelegate.m in Sources */,
				47E05B0C1A8664C900268EDB /* FirstViewController.m in Sources */,
				47E05B061A8664C900268EDB /* main.m in Sources */,
			);
			runOnlyForDeploymentPostprocessing = 0;
		};
		47E05B181A8664C900268EDB /* Sources */ = {
			isa = PBXSourcesBuildPhase;
			buildActionMask = 2147483647;
			files = (
				47E05B231A8664C900268EDB /* tab_applicationTests.m in Sources */,
			);
			runOnlyForDeploymentPostprocessing = 0;
		};
/* End PBXSourcesBuildPhase section */

/* Begin PBXTargetDependency section */
		47E05B1E1A8664C900268EDB /* PBXTargetDependency */ = {
			isa = PBXTargetDependency;
			target = 47E05AFF1A8664C900268EDB /* tab-application */;
			targetProxy = 47E05B1D1A8664C900268EDB /* PBXContainerItemProxy */;
		};
/* End PBXTargetDependency section */

/* Begin PBXVariantGroup section */
		47E05B101A8664C900268EDB /* Main.storyboard */ = {
			isa = PBXVariantGroup;
			children = (
				47E05B111A8664C900268EDB /* Base */,
			);
			name = Main.storyboard;
			sourceTree = "<group>";
		};
		47E05B151A8664C900268EDB /* LaunchScreen.xib */ = {
			isa = PBXVariantGroup;
			children = (
				47E05B161A8664C900268EDB /* Base */,
			);
			name = LaunchScreen.xib;
			sourceTree = "<group>";
		};
/* End PBXVariantGroup section */

/* Begin XCBuildConfiguration section */
		47E05B241A8664C900268EDB /* Debug */ = {
			isa = XCBuildConfiguration;
			buildSettings = {
				ALWAYS_SEARCH_USER_PATHS = NO;
				CLANG_CXX_LANGUAGE_STANDARD = "gnu++0x";
				CLANG_CXX_LIBRARY = "libc++";
				CLANG_ENABLE_MODULES = YES;
				CLANG_ENABLE_OBJC_ARC = YES;
				CLANG_WARN_BOOL_CONVERSION = YES;
				CLANG_WARN_CONSTANT_CONVERSION = YES;
				CLANG_WARN_DIRECT_OBJC_ISA_USAGE = YES_ERROR;
				CLANG_WARN_EMPTY_BODY = YES;
				CLANG_WARN_ENUM_CONVERSION = YES;
				CLANG_WARN_INT_CONVERSION = YES;
				CLANG_WARN_OBJC_ROOT_CLASS = YES_ERROR;
				CLANG_WARN_UNREACHABLE_CODE = YES;
				CLANG_WARN__DUPLICATE_METHOD_MATCH = YES;
				"CODE_SIGN_IDENTITY[sdk=iphoneos*]" = "iPhone Developer";
				COPY_PHASE_STRIP = NO;
				ENABLE_STRICT_OBJC_MSGSEND = YES;
				GCC_C_LANGUAGE_STANDARD = gnu99;
				GCC_DYNAMIC_NO_PIC = NO;
				GCC_OPTIMIZATION_LEVEL = 0;
				GCC_PREPROCESSOR_DEFINITIONS = (
					"DEBUG=1",
					"$(inherited)",
				);
				GCC_SYMBOLS_PRIVATE_EXTERN = NO;
				GCC_WARN_64_TO_32_BIT_CONVERSION = YES;
				GCC_WARN_ABOUT_RETURN_TYPE = YES_ERROR;
				GCC_WARN_UNDECLARED_SELECTOR = YES;
				GCC_WARN_UNINITIALIZED_AUTOS = YES_AGGRESSIVE;
				GCC_WARN_UNUSED_FUNCTION = YES;
				GCC_WARN_UNUSED_VARIABLE = YES;
				IPHONEOS_DEPLOYMENT_TARGET = 8.1;
				MTL_ENABLE_DEBUG_INFO = YES;
				ONLY_ACTIVE_ARCH = YES;
				SDKROOT = iphoneos;
				TARGETED_DEVICE_FAMILY = "1,2";
			};
			name = Debug;
		};
		47E05B251A8664C900268EDB /* Release */ = {
			isa = XCBuildConfiguration;
			buildSettings = {
				ALWAYS_SEARCH_USER_PATHS = NO;
				CLANG_CXX_LANGUAGE_STANDARD = "gnu++0x";
				CLANG_CXX_LIBRARY = "libc++";
				CLANG_ENABLE_MODULES = YES;
				CLANG_ENABLE_OBJC_ARC = YES;
				CLANG_WARN_BOOL_CONVERSION = YES;
				CLANG_WARN_CONSTANT_CONVERSION = YES;
				CLANG_WARN_DIRECT_OBJC_ISA_USAGE = YES_ERROR;
				CLANG_WARN_EMPTY_BODY = YES;
				CLANG_WARN_ENUM_CONVERSION = YES;
				CLANG_WARN_INT_CONVERSION = YES;
				CLANG_WARN_OBJC_ROOT_CLASS = YES_ERROR;
				CLANG_WARN_UNREACHABLE_CODE = YES;
				CLANG_WARN__DUPLICATE_METHOD_MATCH = YES;
				"CODE_SIGN_IDENTITY[sdk=iphoneos*]" = "iPhone Developer";
				COPY_PHASE_STRIP = YES;
				ENABLE_NS_ASSERTIONS = NO;
				ENABLE_STRICT_OBJC_MSGSEND = YES;
				GCC_C_LANGUAGE_STANDARD = gnu99;
				GCC_WARN_64_TO_32_BIT_CONVERSION = YES;
				GCC_WARN_ABOUT_RETURN_TYPE = YES_ERROR;
				GCC_WARN_UNDECLARED_SELECTOR = YES;
				GCC_WARN_UNINITIALIZED_AUTOS = YES_AGGRESSIVE;
				GCC_WARN_UNUSED_FUNCTION = YES;
				GCC_WARN_UNUSED_VARIABLE = YES;
				IPHONEOS_DEPLOYMENT_TARGET = 8.1;
				MTL_ENABLE_DEBUG_INFO = NO;
				SDKROOT = iphoneos;
				TARGETED_DEVICE_FAMILY = "1,2";
				VALIDATE_PRODUCT = YES;
			};
			name = Release;
		};
		47E05B271A8664C900268EDB /* Debug */ = {
			isa = XCBuildConfiguration;
			buildSettings = {
				ASSETCATALOG_COMPILER_APPICON_NAME = AppIcon;
				INFOPLIST_FILE = "tab-application/Info.plist";
				LD_RUNPATH_SEARCH_PATHS = "$(inherited) @executable_path/Frameworks";
				PRODUCT_NAME = "$(TARGET_NAME)";
			};
			name = Debug;
		};
		47E05B281A8664C900268EDB /* Release */ = {
			isa = XCBuildConfiguration;
			buildSettings = {
				ASSETCATALOG_COMPILER_APPICON_NAME = AppIcon;
				INFOPLIST_FILE = "tab-application/Info.plist";
				LD_RUNPATH_SEARCH_PATHS = "$(inherited) @executable_path/Frameworks";
				PRODUCT_NAME = "$(TARGET_NAME)";
			};
			name = Release;
		};
		47E05B2A1A8664C900268EDB /* Debug */ = {
			isa = XCBuildConfiguration;
			buildSettings = {
				BUNDLE_LOADER = "$(TEST_HOST)";
				FRAMEWORK_SEARCH_PATHS = (
					"$(SDKROOT)/Developer/Library/Frameworks",
					"$(inherited)",
				);
				GCC_PREPROCESSOR_DEFINITIONS = (
					"DEBUG=1",
					"$(inherited)",
				);
				INFOPLIST_FILE = "tab-applicationTests/Info.plist";
				LD_RUNPATH_SEARCH_PATHS = "$(inherited) @executable_path/Frameworks @loader_path/Frameworks";
				PRODUCT_NAME = "$(TARGET_NAME)";
				TEST_HOST = "$(BUILT_PRODUCTS_DIR)/tab-application.app/tab-application";
			};
			name = Debug;
		};
		47E05B2B1A8664C900268EDB /* Release */ = {
			isa = XCBuildConfiguration;
			buildSettings = {
				BUNDLE_LOADER = "$(TEST_HOST)";
				FRAMEWORK_SEARCH_PATHS = (
					"$(SDKROOT)/Developer/Library/Frameworks",
					"$(inherited)",
				);
				INFOPLIST_FILE = "tab-applicationTests/Info.plist";
				LD_RUNPATH_SEARCH_PATHS = "$(inherited) @executable_path/Frameworks @loader_path/Frameworks";
				PRODUCT_NAME = "$(TARGET_NAME)";
				TEST_HOST = "$(BUILT_PRODUCTS_DIR)/tab-application.app/tab-application";
			};
			name = Release;
		};
/* End XCBuildConfiguration section */

/* Begin XCConfigurationList section */
		47E05AFB1A8664C900268EDB /* Build configuration list for PBXProject "tab-application" */ = {
			isa = XCConfigurationList;
			buildConfigurations = (
				47E05B241A8664C900268EDB /* Debug */,
				47E05B251A8664C900268EDB /* Release */,
			);
			defaultConfigurationIsVisible = 0;
			defaultConfigurationName = Release;
		};
		47E05B261A8664C900268EDB /* Build configuration list for PBXNativeTarget "tab-application" */ = {
			isa = XCConfigurationList;
			buildConfigurations = (
				47E05B271A8664C900268EDB /* Debug */,
				47E05B281A8664C900268EDB /* Release */,
			);
			defaultConfigurationIsVisible = 0;
		};
		47E05B291A8664C900268EDB /* Build configuration list for PBXNativeTarget "tab-applicationTests" */ = {
			isa = XCConfigurationList;
			buildConfigurations = (
				47E05B2A1A8664C900268EDB /* Debug */,
				47E05B2B1A8664C900268EDB /* Release */,
			);
			defaultConfigurationIsVisible = 0;
		};
/* End XCConfigurationList section */
	};
	rootObject = 47E05AF81A8664C900268EDB /* Project object */;
}
